// !$*UTF8*$!
{
	archiveVersion = 1;
	classes = {
	};
	objectVersion = 56;
	objects = {

/* Begin PBXFileReference section */
		D00A1A39297FEA9D00D1E07C /* SwitchPractice.playground */ = {isa = PBXFileReference; lastKnownFileType = file.playground; path = SwitchPractice.playground; sourceTree = "<group>"; xcLanguageSpecificationIdentifier = xcode.lang.swift; };
/* End PBXFileReference section */

/* Begin PBXGroup section */
		D0A2AD66297FE55B00A2133C = {
			isa = PBXGroup;
			children = (
				D00A1A39297FEA9D00D1E07C /* SwitchPractice.playground */,
			);
			sourceTree = "<group>";
		};
/* End PBXGroup section */

/* Begin PBXProject section */
		D0A2AD67297FE55B00A2133C /* Project object */ = {
			isa = PBXProject;
			attributes = {
				BuildIndependentTargetsInParallel = 1;
				LastUpgradeCheck = 1420;
			};
			buildConfigurationList = D0A2AD6A297FE55B00A2133C /* Build configuration list for PBXProject "SwiftGrammer" */;
			compatibilityVersion = "Xcode 14.0";
			developmentRegion = en;
			hasScannedForEncodings = 0;
			knownRegions = (
				en,
				Base,
			);
			mainGroup = D0A2AD66297FE55B00A2133C;
			projectDirPath = "";
			projectRoot = "";
			targets = (
			);
		};
/* End PBXProject section */

/* Begin XCBuildConfiguration section */
		D0A2AD6B297FE55B00A2133C /* Debug */ = {
			isa = XCBuildConfiguration;
			buildSettings = {
			};
			name = Debug;
		};
		D0A2AD6C297FE55B00A2133C /* Release */ = {
			isa = XCBuildConfiguration;
			buildSettings = {
			};
			name = Release;
		};
/* End XCBuildConfiguration section */

/* Begin XCConfigurationList section */
		D0A2AD6A297FE55B00A2133C /* Build configuration list for PBXProject "SwiftGrammer" */ = {
			isa = XCConfigurationList;
			buildConfigurations = (
				D0A2AD6B297FE55B00A2133C /* Debug */,
				D0A2AD6C297FE55B00A2133C /* Release */,
			);
			defaultConfigurationIsVisible = 0;
			defaultConfigurationName = Release;
		};
/* End XCConfigurationList section */
	};
	rootObject = D0A2AD67297FE55B00A2133C /* Project object */;
}
